
Microsoft Visual Studio Solution File, Format Version 12.00
# Visual Studio Version 17
VisualStudioVersion = 17.13.35931.197 d17.13
MinimumVisualStudioVersion = 10.0.40219.1
Project("{FAE04EC0-301F-11D3-BF4B-00C04F79EFBC}") = "Projeto1", "Projeto1\Projeto1.csproj", "{5F1D10D0-E4FC-430E-8129-49B680D5A031}"
EndProject
Global
	GlobalSection(SolutionConfigurationPlatforms) = preSolution
		Debug|Any CPU = Debug|Any CPU
		Release|Any CPU = Release|Any CPU
	EndGlobalSection
	GlobalSection(ProjectConfigurationPlatforms) = postSolution
		{5F1D10D0-E4FC-430E-8129-49B680D5A031}.Debug|Any CPU.ActiveCfg = Debug|Any CPU
		{5F1D10D0-E4FC-430E-8129-49B680D5A031}.Debug|Any CPU.Build.0 = Debug|Any CPU
		{5F1D10D0-E4FC-430E-8129-49B680D5A031}.Release|Any CPU.ActiveCfg = Release|Any CPU
		{5F1D10D0-E4FC-430E-8129-49B680D5A031}.Release|Any CPU.Build.0 = Release|Any CPU
	EndGlobalSection
	GlobalSection(SolutionProperties) = preSolution
		HideSolutionNode = FALSE
	EndGlobalSection
	GlobalSection(ExtensibilityGlobals) = postSolution
		SolutionGuid = {66FDD8C6-7AFD-43B4-9374-99428DCD4545}
	EndGlobalSection
EndGlobal
